
Microsoft Visual Studio Solution File, Format Version 12.00
# Visual Studio Version 16
VisualStudioVersion = 16.0.32106.194
MinimumVisualStudioVersion = 10.0.40219.1
Project("{9A19103F-16F7-4668-BE54-9A1E7A4F7556}") = "Catalog.Api", "Catalog.Api\Catalog.Api.csproj", "{287E3CBB-3271-4A92-9D37-53B7AD2945AB}"
EndProject
Project("{E53339B2-1760-4266-BCC7-CA923CBCF16C}") = "docker-compose", "docker-compose.dcproj", "{D4CF2FFA-A492-46BA-AFD4-6FDA17412620}"
EndProject
Project("{2150E333-8FDC-42A3-9474-1A3956D46DE8}") = "Docker", "Docker", "{E334D2DF-0A8E-4178-966A-848C35015BE6}"
	ProjectSection(SolutionItems) = preProject
		.dockerignore = .dockerignore
	EndProjectSection
EndProject
Project("{9A19103F-16F7-4668-BE54-9A1E7A4F7556}") = "Users.Api", "Users.Api\Users.Api.csproj", "{4A53843C-77DB-41EC-A73F-7D5EFBE1B722}"
EndProject
Project("{FAE04EC0-301F-11D3-BF4B-00C04F79EFBC}") = "Users.Worker", "Users.Worker\Users.Worker.csproj", "{303837AC-9046-4234-B37D-F8587C18F5DE}"
EndProject
Project("{FAE04EC0-301F-11D3-BF4B-00C04F79EFBC}") = "Users.Data", "Users.Data\Users.Data.csproj", "{59FCAD88-0BE7-4CF8-9DB9-84FF74C436E4}"
EndProject
Global
	GlobalSection(SolutionConfigurationPlatforms) = preSolution
		Debug|Any CPU = Debug|Any CPU
		Release|Any CPU = Release|Any CPU
	EndGlobalSection
	GlobalSection(ProjectConfigurationPlatforms) = postSolution
		{287E3CBB-3271-4A92-9D37-53B7AD2945AB}.Debug|Any CPU.ActiveCfg = Debug|Any CPU
		{287E3CBB-3271-4A92-9D37-53B7AD2945AB}.Debug|Any CPU.Build.0 = Debug|Any CPU
		{287E3CBB-3271-4A92-9D37-53B7AD2945AB}.Release|Any CPU.ActiveCfg = Release|Any CPU
		{287E3CBB-3271-4A92-9D37-53B7AD2945AB}.Release|Any CPU.Build.0 = Release|Any CPU
		{D4CF2FFA-A492-46BA-AFD4-6FDA17412620}.Debug|Any CPU.ActiveCfg = Debug|Any CPU
		{D4CF2FFA-A492-46BA-AFD4-6FDA17412620}.Debug|Any CPU.Build.0 = Debug|Any CPU
		{D4CF2FFA-A492-46BA-AFD4-6FDA17412620}.Release|Any CPU.ActiveCfg = Release|Any CPU
		{D4CF2FFA-A492-46BA-AFD4-6FDA17412620}.Release|Any CPU.Build.0 = Release|Any CPU
		{4A53843C-77DB-41EC-A73F-7D5EFBE1B722}.Debug|Any CPU.ActiveCfg = Debug|Any CPU
		{4A53843C-77DB-41EC-A73F-7D5EFBE1B722}.Debug|Any CPU.Build.0 = Debug|Any CPU
		{4A53843C-77DB-41EC-A73F-7D5EFBE1B722}.Release|Any CPU.ActiveCfg = Release|Any CPU
		{4A53843C-77DB-41EC-A73F-7D5EFBE1B722}.Release|Any CPU.Build.0 = Release|Any CPU
		{303837AC-9046-4234-B37D-F8587C18F5DE}.Debug|Any CPU.ActiveCfg = Debug|Any CPU
		{303837AC-9046-4234-B37D-F8587C18F5DE}.Debug|Any CPU.Build.0 = Debug|Any CPU
		{303837AC-9046-4234-B37D-F8587C18F5DE}.Release|Any CPU.ActiveCfg = Release|Any CPU
		{303837AC-9046-4234-B37D-F8587C18F5DE}.Release|Any CPU.Build.0 = Release|Any CPU
		{59FCAD88-0BE7-4CF8-9DB9-84FF74C436E4}.Debug|Any CPU.ActiveCfg = Debug|Any CPU
		{59FCAD88-0BE7-4CF8-9DB9-84FF74C436E4}.Debug|Any CPU.Build.0 = Debug|Any CPU
		{59FCAD88-0BE7-4CF8-9DB9-84FF74C436E4}.Release|Any CPU.ActiveCfg = Release|Any CPU
		{59FCAD88-0BE7-4CF8-9DB9-84FF74C436E4}.Release|Any CPU.Build.0 = Release|Any CPU
	EndGlobalSection
	GlobalSection(SolutionProperties) = preSolution
		HideSolutionNode = FALSE
	EndGlobalSection
	GlobalSection(NestedProjects) = preSolution
		{D4CF2FFA-A492-46BA-AFD4-6FDA17412620} = {E334D2DF-0A8E-4178-966A-848C35015BE6}
	EndGlobalSection
	GlobalSection(ExtensibilityGlobals) = postSolution
		SolutionGuid = {03E59386-2117-4E3A-9F3E-F83CF72017A0}
	EndGlobalSection
EndGlobal
